
Microsoft Visual Studio Solution File, Format Version 12.00
# Visual Studio Version 16
VisualStudioVersion = 16.0.31702.278
MinimumVisualStudioVersion = 10.0.40219.1
Project("{FAE04EC0-301F-11D3-BF4B-00C04F79EFBC}") = "Assignment1_ReyAbdul", "Assignment1_ReyAbdul\Assignment1_ReyAbdul.csproj", "{B1338F20-D240-403A-9DC2-E0779DF7E357}"
EndProject
Global
	GlobalSection(SolutionConfigurationPlatforms) = preSolution
		Debug|Any CPU = Debug|Any CPU
		Release|Any CPU = Release|Any CPU
	EndGlobalSection
	GlobalSection(ProjectConfigurationPlatforms) = postSolution
		{B1338F20-D240-403A-9DC2-E0779DF7E357}.Debug|Any CPU.ActiveCfg = Debug|Any CPU
		{B1338F20-D240-403A-9DC2-E0779DF7E357}.Debug|Any CPU.Build.0 = Debug|Any CPU
		{B1338F20-D240-403A-9DC2-E0779DF7E357}.Release|Any CPU.ActiveCfg = Release|Any CPU
		{B1338F20-D240-403A-9DC2-E0779DF7E357}.Release|Any CPU.Build.0 = Release|Any CPU
	EndGlobalSection
	GlobalSection(SolutionProperties) = preSolution
		HideSolutionNode = FALSE
	EndGlobalSection
	GlobalSection(ExtensibilityGlobals) = postSolution
		SolutionGuid = {87B47D1E-8C21-42C6-986B-9717F5183F00}
	EndGlobalSection
EndGlobal
